
Microsoft Visual Studio Solution File, Format Version 12.00
# Visual Studio 15
VisualStudioVersion = 15.0.28307.106
MinimumVisualStudioVersion = 10.0.40219.1
Project("{FAE04EC0-301F-11D3-BF4B-00C04F79EFBC}") = "Fight", "Fight\Fight.csproj", "{42129D92-5E95-46F5-804A-02843A081726}"
EndProject
Global
	GlobalSection(SolutionConfigurationPlatforms) = preSolution
		Debug|Any CPU = Debug|Any CPU
		Release|Any CPU = Release|Any CPU
	EndGlobalSection
	GlobalSection(ProjectConfigurationPlatforms) = postSolution
		{42129D92-5E95-46F5-804A-02843A081726}.Debug|Any CPU.ActiveCfg = Debug|Any CPU
		{42129D92-5E95-46F5-804A-02843A081726}.Debug|Any CPU.Build.0 = Debug|Any CPU
		{42129D92-5E95-46F5-804A-02843A081726}.Release|Any CPU.ActiveCfg = Release|Any CPU
		{42129D92-5E95-46F5-804A-02843A081726}.Release|Any CPU.Build.0 = Release|Any CPU
	EndGlobalSection
	GlobalSection(SolutionProperties) = preSolution
		HideSolutionNode = FALSE
	EndGlobalSection
	GlobalSection(ExtensibilityGlobals) = postSolution
		SolutionGuid = {E9730C9A-D86D-44FA-816D-CA4326D5A99F}
	EndGlobalSection
EndGlobal
